
Microsoft Visual Studio Solution File, Format Version 12.00
# Visual Studio Version 16
VisualStudioVersion = 16.0.29609.76
MinimumVisualStudioVersion = 10.0.40219.1
Project("{FAE04EC0-301F-11D3-BF4B-00C04F79EFBC}") = "RepositoryApp", "RepositoryApp\RepositoryApp.csproj", "{0B263364-9537-4C75-8A7A-DC6974034F4C}"
EndProject
Global
	GlobalSection(SolutionConfigurationPlatforms) = preSolution
		Debug|Any CPU = Debug|Any CPU
		Release|Any CPU = Release|Any CPU
	EndGlobalSection
	GlobalSection(ProjectConfigurationPlatforms) = postSolution
		{0B263364-9537-4C75-8A7A-DC6974034F4C}.Debug|Any CPU.ActiveCfg = Debug|Any CPU
		{0B263364-9537-4C75-8A7A-DC6974034F4C}.Debug|Any CPU.Build.0 = Debug|Any CPU
		{0B263364-9537-4C75-8A7A-DC6974034F4C}.Release|Any CPU.ActiveCfg = Release|Any CPU
		{0B263364-9537-4C75-8A7A-DC6974034F4C}.Release|Any CPU.Build.0 = Release|Any CPU
	EndGlobalSection
	GlobalSection(SolutionProperties) = preSolution
		HideSolutionNode = FALSE
	EndGlobalSection
	GlobalSection(ExtensibilityGlobals) = postSolution
		SolutionGuid = {94ECC321-29D6-45C6-A9C3-EA7D15D65670}
	EndGlobalSection
EndGlobal
